# THIS IS AN AUTOGENERATED FILE. DO NOT EDIT THIS FILE DIRECTLY.
# yarn lockfile v1


"@enzet/roentgen@^0.16.0":
  version "0.16.0"
  resolved "https://registry.yarnpkg.com/@enzet/roentgen/-/roentgen-0.16.0.tgz#abb1d7e264821d4d20caad1a2d6a5ba52a60bfdc"
  integrity sha512-g/9FSYhX8DVYER87MW7cnWlc73iUfAG/P309cQGoKckpvvC49VtWLXFoJXlQn+Y53UF0r5J89prEBXeLyH6Ykg==

"@fortawesome/fontawesome-free@^7.3.1":
  version "7.3.1"
  resolved "https://registry.yarnpkg.com/@fortawesome/fontawesome-free/-/fontawesome-free-7.3.1.tgz#9d7d7df8f850637e001d24e6cd901422b4b09099"
  integrity sha512-wmglKKPDIkgV3aWlZzWECCPoGIkYCulzBwxG9+w7rc5BGapZ6cPMpoPOT8k36J0Ni7PPX6c/rsoMWfS4d1MUMg==

"@mapbox/geojson-area@^0.2.2":
  version "0.2.2"
  resolved "https://registry.yarnpkg.com/@mapbox/geojson-area/-/geojson-area-0.2.2.tgz#18d7814aa36bf23fbbcc379f8e26a22927debf10"
  integrity sha512-bBqqFn1kIbLBfn7Yq1PzzwVkPYQr9lVUeT8Dhd0NL5n76PBuXzOcuLV7GOSbEB1ia8qWxH4COCvFpziEu/yReA==
  dependencies:
    wgs84 "0.0.0"

"@mapbox/maki@^8.2.0":
  version "8.2.0"
  resolved "https://registry.yarnpkg.com/@mapbox/maki/-/maki-8.2.0.tgz#8e013d2d5809d09bd1bb2534c8baf1586fdddc82"
  integrity sha512-sTd/fEBfkBSidVwwtbijHZYJC7NhqvgLrXzSRHgxbLi52x4IciyTVUufqvJr8oIChw7hT7MIBHu5fyqrrpfFdA==

"@mapbox/point-geometry@~1.1.0":
  version "1.1.0"
  resolved "https://registry.yarnpkg.com/@mapbox/point-geometry/-/point-geometry-1.1.0.tgz#3328fb54b3a1273bc619bf0a6baad8de37181749"
  integrity sha512-YGcBz1cg4ATXDCM/71L9xveh4dynfGmcLDqufR+nQQy3fKwsAZsWd/x4621/6uJaeB9mwOHE6hPeDgXz9uViUQ==

"@mapbox/sexagesimal@1.2.0":
  version "1.2.0"
  resolved "https://registry.yarnpkg.com/@mapbox/sexagesimal/-/sexagesimal-1.2.0.tgz#507dfb8fbb3843690bbb93be382e58943dab3c8e"
  integrity sha512-+C3+Azc4ObH2qmDYvg9MC+vvlGVfwB1BZNX8jt4XehJjfDGXwlElqJ6PS9BtgLHSjdinEoZTNanTG/WTc+dpRA==

"@mapbox/vector-tile@^3.0.0":
  version "3.0.0"
  resolved "https://registry.yarnpkg.com/@mapbox/vector-tile/-/vector-tile-3.0.0.tgz#71a75acb5ee20c20adca5c4e1ffb5ef95a56e351"
  integrity sha512-Qf10S1uIHMk20ri/IVBnpS+esUEkVaR5Hftmz88jTInrpmWgPGJfPe3LVjjlE77trLx8tH6qjTG7uWH9hIq/0Q==
  dependencies:
    "@mapbox/point-geometry" "~1.1.0"
    "@types/geojson" "^7946.0.16"
    pbf "^5.0.0"

"@nodelib/fs.scandir@2.1.5":
  version "2.1.5"
  resolved "https://registry.yarnpkg.com/@nodelib/fs.scandir/-/fs.scandir-2.1.5.tgz#7619c2eb21b25483f6d167548b4cfd5a7488c3d5"
  integrity sha512-vq24Bq3ym5HEQm2NKCr3yXDwjc7vTsEThRDnkp2DK9p1uqLR+DHurm/NOTo0KG7HYHU7eppKZj3MyqYuMBf62g==
  dependencies:
    "@nodelib/fs.stat" "2.0.5"
    run-parallel "^1.1.9"

"@nodelib/fs.stat@2.0.5", "@nodelib/fs.stat@^2.0.2":
  version "2.0.5"
  resolved "https://registry.yarnpkg.com/@nodelib/fs.stat/-/fs.stat-2.0.5.tgz#5bd262af94e9d25bd1e71b05deed44876a222e8b"
  integrity sha512-RkhPPp2zrqDAQA/2jNhnztcPAlv64XdhIp7a7454A5ovI7Bukxgt7MX7udwAu3zg1DcpPU0rz3VV1SeaqvY4+A==

"@nodelib/fs.walk@^1.2.3":
  version "1.2.8"
  resolved "https://registry.yarnpkg.com/@nodelib/fs.walk/-/fs.walk-1.2.8.tgz#e95737e8bb6746ddedf69c556953494f196fe69a"
  integrity sha512-oGB+UxlgWcgQkgwo8GcEGwemoTFt3FIO9ababBmaGwXIoBKZ+GTy0pP185beGg7Llih/NSHSV2XAs1lnznocSg==
  dependencies:
    "@nodelib/fs.scandir" "2.1.5"
    fastq "^1.6.0"

"@oozcitak/dom@^2.0.2":
  version "2.0.2"
  resolved "https://registry.yarnpkg.com/@oozcitak/dom/-/dom-2.0.2.tgz#0f447f0b736aa6f36c5556ba811a44e56c71c26c"
  integrity sha512-GjpKhkSYC3Mj4+lfwEyI1dqnsKTgwGy48ytZEhm4A/xnH/8z9M3ZVXKr/YGQi3uCLs1AEBS+x5T2JPiueEDW8w==
  dependencies:
    "@oozcitak/infra" "^2.0.2"
    "@oozcitak/url" "^3.0.0"
    "@oozcitak/util" "^10.0.0"

"@oozcitak/infra@^2.0.2":
  version "2.0.2"
  resolved "https://registry.yarnpkg.com/@oozcitak/infra/-/infra-2.0.2.tgz#e2f1cc0eeca3ac5cd551f0326a5f66f00cf1138b"
  integrity sha512-2g+E7hoE2dgCz/APPOEK5s3rMhJvNxSMBrP+U+j1OWsIbtSpWxxlUjq1lU8RIsFJNYv7NMlnVsCuHcUzJW+8vA==
  dependencies:
    "@oozcitak/util" "^10.0.0"

"@oozcitak/url@^3.0.0":
  version "3.0.0"
  resolved "https://registry.yarnpkg.com/@oozcitak/url/-/url-3.0.0.tgz#a03c959c67e28aba9e29b2d35cd50d26cb5f2cc4"
  integrity sha512-ZKfET8Ak1wsLAiLWNfFkZc/BraDccuTJKR6svTYc7sVjbR+Iu0vtXdiDMY4o6jaFl5TW2TlS7jbLl4VovtAJWQ==
  dependencies:
    "@oozcitak/infra" "^2.0.2"
    "@oozcitak/util" "^10.0.0"

"@oozcitak/util@^10.0.0":
  version "10.0.0"
  resolved "https://registry.yarnpkg.com/@oozcitak/util/-/util-10.0.0.tgz#f6b40472d96c210094a556ee5ccb8e77f1bd30af"
  integrity sha512-hAX0pT/73190NLqBPPWSdBVGtbY6VOhWYK3qqHqtXQ1gK7kS2yz4+ivsN07hpJ6I3aeMtKP6J6npsEKOAzuTLA==

"@openstreetmap/id-tagging-schema@^7.0.1":
  version "7.0.1"
  resolved "https://registry.yarnpkg.com/@openstreetmap/id-tagging-schema/-/id-tagging-schema-7.0.1.tgz#c383d34ba993ad7488f485cb8fd64e548e8022ce"
  integrity sha512-y58T1905O3SJZlf3SLjhKkxxLsZAvYRNpmjE8zsag39lHh23f0IC20wNRDGrl9iUcBdD8zNs5Z/DxEDa3+Fbcg==

"@openstreetmap/id@^2.41.2":
  version "2.41.2"
  resolved "https://registry.yarnpkg.com/@openstreetmap/id/-/id-2.41.2.tgz#6e8a9132fe43dd4af82ab6ef0a2ed2c0f090c4e8"
  integrity sha512-aj5/EN9G/jdS2O+Wr8HmrTjxlK9NrnbFl3rTXL61Y3rre4Oe8N0uTyUT5YoXC72N72J6MwgRFwFxIPcPkgntUw==
  dependencies:
    "@mapbox/geojson-area" "^0.2.2"
    "@mapbox/sexagesimal" "1.2.0"
    "@mapbox/vector-tile" "^3.0.0"
    "@rapideditor/country-coder" "~5.6.0"
    "@rapideditor/location-conflation" "~3.0.0"
    "@tmcw/togeojson" "^7.1.2"
    "@turf/bbox" "^7.2.0"
    "@turf/bbox-clip" "^7.2.0"
    abortcontroller-polyfill "^1.7.8"
    alif-toolkit "^1.3.0"
    diacritics "1.3.0"
    es-toolkit "^1.45.0"
    exifr "^7.1.3"
    fast-equals "^6.0.0"
    fast-json-stable-stringify "2.1.0"
    idb-keyval "^6.2.2"
    marked "~18.0.0"
    node-diff3 "~3.2.0"
    osm-auth "^3.1.1"
    pannellum "2.5.7"
    pbf "^5.0.0"
    polyclip-ts "^0.16.8"
    rbush "4.0.1"
    whatwg-fetch "^3.6.20"
    which-polygon "2.2.1"

"@rapideditor/country-coder@^5.6.1", "@rapideditor/country-coder@~5.6.0":
  version "5.6.1"
  resolved "https://registry.yarnpkg.com/@rapideditor/country-coder/-/country-coder-5.6.1.tgz#f72b2903607526bcb7644c0693fb8b10d91208e1"
  integrity sha512-/3xCpRIyhGv0lKxk26qNJgBWU6UnvE6SmOvE2GWE1CKu6pxcUVukECg6XVJLfmesYWyKHmaj1ZXtNOpz3lJkWg==
  dependencies:
    which-polygon "^2.2.1"

"@rapideditor/location-conflation@~3.0.0":
  version "3.0.1"
  resolved "https://registry.yarnpkg.com/@rapideditor/location-conflation/-/location-conflation-3.0.1.tgz#989edf371dd291430b477ec3992dc24f807ee704"
  integrity sha512-+PyAx2nmqCWMhv7/K1GLOp4Svegl5IUzj2EwhcQZ4ZtSGWLjNu7e87HJw8a4BwtEkl8PZlTdL/iIcuovZThamw==
  dependencies:
    "@mapbox/geojson-area" "^0.2.2"
    "@rapideditor/country-coder" "^5.6.1"
    "@types/geojson" "^7946.0.16"
    circle-to-polygon "^2.2.0"
    geojson-precision "^1.0.0"
    json-stringify-pretty-compact "^4.0.0"
    polyclip-ts "~0.16.8"
    which-polygon "^2.2.1"

"@rapideditor/temaki@^5.13.0":
  version "5.13.0"
  resolved "https://registry.yarnpkg.com/@rapideditor/temaki/-/temaki-5.13.0.tgz#28d131749dc5453255ed708d4099b1c92858ffcc"
  integrity sha512-XiNmm2omwp9UVeJi2QWEz7FpyRUEwhiUSfN/s3POazkzB+6vz8JM88YBGNIHA1DCtcEA3J2WR7YcfgKYE05pug==

"@sindresorhus/merge-streams@^4.0.0":
  version "4.0.0"
  resolved "https://registry.yarnpkg.com/@sindresorhus/merge-streams/-/merge-streams-4.0.0.tgz#abb11d99aeb6d27f1b563c38147a72d50058e339"
  integrity sha512-tlqY9xq5ukxTUZBmoOp+m61cqwQD5pHJtFY3Mn8CA8ps6yghLH/Hw8UPdqg4OLmFW3IFlcXnQNmo/dh8HzXYIQ==

"@svgdotjs/svg.js@^3.2.5":
  version "3.2.5"
  resolved "https://registry.yarnpkg.com/@svgdotjs/svg.js/-/svg.js-3.2.5.tgz#fbbc56728b2b565f3ae3e3713301ff82abbb45bd"
  integrity sha512-/VNHWYhNu+BS7ktbYoVGrCmsXDh+chFMaONMwGNdIBcFHrWqk2jY8fNyr3DLdtQUIalvkPfM554ZSFa3dm3nxQ==

"@swc/helpers@^0.5.12":
  version "0.5.23"
  resolved "https://registry.yarnpkg.com/@swc/helpers/-/helpers-0.5.23.tgz#19287d0d86d962b111376039a50c792902c9a86a"
  integrity sha512-5lSsMOTXURePglDfvuAQUqkGek9Hg2kksOYay2m0+XR++b2NWYL/4sWyuvVBIs8oKnJaxkdi9whaL/sqN13afw==
  dependencies:
    tslib "^2.8.0"

"@tmcw/togeojson@^7.1.2":
  version "7.1.2"
  resolved "https://registry.yarnpkg.com/@tmcw/togeojson/-/togeojson-7.1.2.tgz#2d53ac80986d18fc3bbadec708492319cb7b3cd3"
  integrity sha512-QKnFs9DAuqqBVj4d6c69tV1Dj2TspSBTqffivoN0YoBCVdP/JY1+WaYCJbzU49RkoU5NOSOJ3jtFHCdEUVh21A==

"@turf/bbox-clip@^7.2.0":
  version "7.3.5"
  resolved "https://registry.yarnpkg.com/@turf/bbox-clip/-/bbox-clip-7.3.5.tgz#f92086247d4ba5182e8c3a47cbdad1483e106119"
  integrity sha512-FuADTCBfRwdzJb2gFawDGnD1jKlUOfsWcu5Uv8iyEgu9JLuLAIYtI/l9xVF76BAoAvSkLgMfUvrPQ4SXCSUrVA==
  dependencies:
    "@turf/helpers" "7.3.5"
    "@turf/invariant" "7.3.5"
    "@types/geojson" "^7946.0.10"
    tslib "^2.8.1"

"@turf/bbox@^7.2.0":
  version "7.3.5"
  resolved "https://registry.yarnpkg.com/@turf/bbox/-/bbox-7.3.5.tgz#bf93e0a81aa98ca8809bea1bfa6cdfd03ce2470a"
  integrity sha512-oG1ya/HtBjAIg4TimbWx+nOYPbY0bCvt82Bq8tm6sBw3qqtbOyRSfDz79Sq90TnH7DXJprJ1qnVGKNtZ6jemfw==
  dependencies:
    "@turf/helpers" "7.3.5"
    "@turf/meta" "7.3.5"
    "@types/geojson" "^7946.0.10"
    tslib "^2.8.1"

"@turf/helpers@7.3.5":
  version "7.3.5"
  resolved "https://registry.yarnpkg.com/@turf/helpers/-/helpers-7.3.5.tgz#051928c03cdf9ffcc7ae36581c317afc49bfd999"
  integrity sha512-E/NMGV5MwbjjP7AJXBtsanC3yY8N2MQ87IGdIgkB2ji5AtBpwnH4L3gEqpYN4RlCJJWbLbzO91BbKv2waUd0eg==
  dependencies:
    "@types/geojson" "^7946.0.10"
    tslib "^2.8.1"

"@turf/invariant@7.3.5":
  version "7.3.5"
  resolved "https://registry.yarnpkg.com/@turf/invariant/-/invariant-7.3.5.tgz#5619d0e0ef3755e2be69855bad47e10158a1820b"
  integrity sha512-ZVIvsBvjr8lO7WxC5zYNjRsjSDvyGvWkJMjuWaJjTU8x+1tmfNnw3gDX/TI2Sit83gcRYLYkNo23lB/udqx/Hg==
  dependencies:
    "@turf/helpers" "7.3.5"
    "@types/geojson" "^7946.0.10"
    tslib "^2.8.1"

"@turf/meta@7.3.5":
  version "7.3.5"
  resolved "https://registry.yarnpkg.com/@turf/meta/-/meta-7.3.5.tgz#c498a6f1e8603e014e8bfbc9a4b2760b6219edb9"
  integrity sha512-r+ohqxoyqeigFB0oFrQx/YEHIkOKqcKpCjvZkvZs7Tkv+IFco5MezAd2zd4rzK+0DfFgDP3KpJc7HqrYjvEjhg==
  dependencies:
    "@turf/helpers" "7.3.5"
    "@types/geojson" "^7946.0.10"
    tslib "^2.8.1"

"@types/better-sqlite3@^7.6.13":
  version "7.6.13"
  resolved "https://registry.yarnpkg.com/@types/better-sqlite3/-/better-sqlite3-7.6.13.tgz#a72387f00d2f53cab699e63f2e2c05453cf953f0"
  integrity sha512-NMv9ASNARoKksWtsq/SHakpYAYnhBrQgGD8zkLYk/jaK8jUGn08CfEdTRgYhMypUQAfzSP8W6gNLe0q19/t4VA==
  dependencies:
    "@types/node" "*"

"@types/geojson@^7946.0.10", "@types/geojson@^7946.0.16":
  version "7946.0.16"
  resolved "https://registry.yarnpkg.com/@types/geojson/-/geojson-7946.0.16.tgz#8ebe53d69efada7044454e3305c19017d97ced2a"
  integrity sha512-6C8nqWur3j98U6+lXDfTUWIfgvZU+EumvpHKcYjujKH7woYyLj2sUmff0tRhrqM7BohUw7Pz3ZB1jj2gW9Fvmg==

"@types/node@*":
  version "25.9.3"
  resolved "https://registry.yarnpkg.com/@types/node/-/node-25.9.3.tgz#11dfe7a33e68fa5c560f0aa76cc5595621ef26b9"
  integrity sha512-603BddQMv3pUcr4U2dhujk83N2tTDVr/34wII2B6bJy6g+8WD6yUb11jszNs0gdi4PesVWl7ABt8nYMVpnLUcg==
  dependencies:
    undici-types ">=7.24.0 <7.24.7"

"@types/node@^26.0.0":
  version "26.0.0"
  resolved "https://registry.yarnpkg.com/@types/node/-/node-26.0.0.tgz#d4aece9e9412e9f2008d59bc2d74f5279316b665"
  integrity sha512-vf2YFi1iY9lHGwNJMs01biZFbKJkrZR1T6/MlzjhJLPdntOHLhTrDSnSVcdtvjihi4VQNlrFRIxLsDBlQpAipA==
  dependencies:
    undici-types "~8.3.0"

"@types/svgdom@^0.1.2":
  version "0.1.2"
  resolved "https://registry.yarnpkg.com/@types/svgdom/-/svgdom-0.1.2.tgz#0fa63cad8ae34a610eb6f5307dc49cb0c62509ee"
  integrity sha512-ZFwX8cDhbz6jiv3JZdMVYq8SSWHOUchChPmRoMwdIu3lz89aCu/gVK9TdR1eeb0ARQ8+5rtjUKrk1UR8hh0dhQ==

"@waysidemapping/pinhead@^15.25.0":
  version "15.25.0"
  resolved "https://registry.yarnpkg.com/@waysidemapping/pinhead/-/pinhead-15.25.0.tgz#cec6bd8553f888b62b7528058511e466ed010a89"
  integrity sha512-iI9jxqgIPDBcS3m16oCHdxTsJiqyBDmDaPQoi/F4EOxPVaYPCpSYptGA4EAgd92GyL8rqHtOtgHOZDaTxvzwxQ==

abortcontroller-polyfill@^1.7.8:
  version "1.7.8"
  resolved "https://registry.yarnpkg.com/abortcontroller-polyfill/-/abortcontroller-polyfill-1.7.8.tgz#fe8d4370403f02e2aa37e3d2b0b178bae9d83f49"
  integrity sha512-9f1iZ2uWh92VcrU9Y8x+LdM4DLj75VE0MJB8zuF1iUnroEptStw+DQ8EQPMUdfe5k+PkB1uUfDQfWbhstH8LrQ==

alif-toolkit@^1.3.0:
  version "1.3.0"
  resolved "https://registry.yarnpkg.com/alif-toolkit/-/alif-toolkit-1.3.0.tgz#007ce22ecaf684cd29ac00193d17322148c0f4d7"
  integrity sha512-jDqf4NRaP0aY7GFr3tvWUSV1qjPe5ho4woKOgIP1otJ/9Si4+bSjSqdDvhuJsVtnAi97Dw7hM4cObLHcHO+o0A==

argparse@^2.0.1:
  version "2.0.1"
  resolved "https://registry.yarnpkg.com/argparse/-/argparse-2.0.1.tgz#246f50f3ca78a3240f6c997e8a9bd1eac49e4b38"
  integrity sha512-8+9WqebbFzpX9OR+Wa6O29asIogeRMzcGtAINdpMHHyAg10f05aSFVBbcEqGf/PXw1EjAZ+q2/bEBg3DvurK3Q==

base64-js@^1.1.2, base64-js@^1.3.0, base64-js@^1.3.1:
  version "1.5.1"
  resolved "https://registry.yarnpkg.com/base64-js/-/base64-js-1.5.1.tgz#1b1b440160a5bf7ad40b650f095963481903930a"
  integrity sha512-AKpaYlHn8t4SVbOHCy+b5+KKgvR4vrsD8vbvrbiQJps7fKDTkjkDry6ji0rUJjC0kzbNePLwzxq8iypo41qeWA==

better-sqlite3@^12.11.1:
  version "12.11.1"
  resolved "https://registry.yarnpkg.com/better-sqlite3/-/better-sqlite3-12.11.1.tgz#067846efabf7671957fc8a9e8df3be39c6cc0b84"
  integrity sha512-dq9AtApgg5PGFtBzPFSBl3HZQjHok5gaQCM6zh2Yk0aSmDCs1CbnVI8/HgASQkNKsWFpseIO9beg5xxpYhbIfA==
  dependencies:
    bindings "^1.5.0"
    prebuild-install "^7.1.1"

bignumber.js@^9.1.0:
  version "9.3.1"
  resolved "https://registry.yarnpkg.com/bignumber.js/-/bignumber.js-9.3.1.tgz#759c5aaddf2ffdc4f154f7b493e1c8770f88c4d7"
  integrity sha512-Ko0uX15oIUS7wJ3Rb30Fs6SkVbLmPBAKdlm7q9+ak9bbIeFf0MwuBsQV6z7+X768/cHsfg+WlysDWJcmthjsjQ==

bindings@^1.5.0:
  version "1.5.0"
  resolved "https://registry.yarnpkg.com/bindings/-/bindings-1.5.0.tgz#10353c9e945334bc0511a6d90b38fbc7c9c504df"
  integrity sha512-p2q/t/mhvuOj/UeLlV6566GD/guowlr0hHxClI0W9m7MWYkL1F0hLo+0Aexs9HSPCtR1SXQ0TD3MMKrXZajbiQ==
  dependencies:
    file-uri-to-path "1.0.0"

bl@^4.0.3:
  version "4.1.0"
  resolved "https://registry.yarnpkg.com/bl/-/bl-4.1.0.tgz#451535264182bec2fbbc83a62ab98cf11d9f7b3a"
  integrity sha512-1W07cM9gS6DcLperZfFSj+bWLtaPGSOHWhPiGzXmvVJbRLdG82sH/Kn8EtW1VqWVA54AKf2h5k5BbnIbwF3h6w==
  dependencies:
    buffer "^5.5.0"
    inherits "^2.0.4"
    readable-stream "^3.4.0"

braces@^3.0.3:
  version "3.0.3"
  resolved "https://registry.yarnpkg.com/braces/-/braces-3.0.3.tgz#490332f40919452272d55a8480adc0c441358789"
  integrity sha512-yQbXgO/OSZVD2IsiLlro+7Hf6Q18EJrKSEsdoMzKePKXct3gvD8oLcOQdIzGupr5Fj+EDe8gO/lxc1BzfMpxvA==
  dependencies:
    fill-range "^7.1.1"

brotli@^1.3.2:
  version "1.3.3"
  resolved "https://registry.yarnpkg.com/brotli/-/brotli-1.3.3.tgz#7365d8cc00f12cf765d2b2c898716bcf4b604d48"
  integrity sha512-oTKjJdShmDuGW94SyyaoQvAjf30dZaHnjJ8uAF+u2/vGJkJbJPJAT1gDiOJP5v1Zb6f9KEyW/1HpuaWIXtGHPg==
  dependencies:
    base64-js "^1.1.2"

buffer@^5.5.0:
  version "5.7.1"
  resolved "https://registry.yarnpkg.com/buffer/-/buffer-5.7.1.tgz#ba62e7c13133053582197160851a8f648e99eed0"
  integrity sha512-EHcyIPBQ4BSGlvjB16k5KgAJ27CIsHY/2JBmCRReo48y9rQ3MaUzWX3KVlBa4U7MyX02HdVj0K7C3WaB3ju7FQ==
  dependencies:
    base64-js "^1.3.1"
    ieee754 "^1.1.13"

chownr@^1.1.1:
  version "1.1.4"
  resolved "https://registry.yarnpkg.com/chownr/-/chownr-1.1.4.tgz#6fc9d7b42d32a583596337666e7d08084da2cc6b"
  integrity sha512-jJ0bqzaylmJtVnNgzTeSOs8DPavpbYgEr/b0YL8/2GO3xJEhInFmhKMUnEJQjZumK7KXGFhUy89PrsJWlakBVg==

circle-to-polygon@^2.2.0:
  version "2.2.0"
  resolved "https://registry.yarnpkg.com/circle-to-polygon/-/circle-to-polygon-2.2.0.tgz#ca4aec7b0536510fc99bf3e1dcef1d53a504a04e"
  integrity sha512-yC9/bw6P0YmV2/oxm4DLrSgrzHhbz9H+vgUScmSFN5KilR/KFGVRbUi9a0mIYPsXK44HvnysVVi/iIysRJVvNw==

clone@^2.1.2:
  version "2.1.2"
  resolved "https://registry.yarnpkg.com/clone/-/clone-2.1.2.tgz#1b7f4b9f591f1e8f83670401600345a02887435f"
  integrity sha512-3Pe/CF1Nn94hyhIYpjtiLhdCoEoz0DqQ+988E9gmeEdQZlojxnOb74wctFyuwWQHzqyf9X7C7MG8juUpqBJT8w==

commander@2.19.0:
  version "2.19.0"
  resolved "https://registry.yarnpkg.com/commander/-/commander-2.19.0.tgz#f6198aa84e5b83c46054b94ddedbfed5ee9ff12a"
  integrity sha512-6tvAOO+D6OENvRAh524Dh9jcfKTYDQAqvqezbCW82xj5X0pSrcpxtvRKHLG0yBY6SD7PSDrJaj+0AiOcKVd1Xg==

core-util-is@~1.0.0:
  version "1.0.3"
  resolved "https://registry.yarnpkg.com/core-util-is/-/core-util-is-1.0.3.tgz#a6042d3634c2b27e9328f837b965fac83808db85"
  integrity sha512-ZQBvi1DcpJ4GDqanjucZ2Hj3wEO5pZDS89BWbkcrvdxksJorwUDDZamX9ldFkp9aw2lmBDLgkObEA4DWNJ9FYQ==

decompress-response@^6.0.0:
  version "6.0.0"
  resolved "https://registry.yarnpkg.com/decompress-response/-/decompress-response-6.0.0.tgz#ca387612ddb7e104bd16d85aab00d5ecf09c66fc"
  integrity sha512-aW35yZM6Bb/4oJlZncMH2LCoZtJXTRxES17vE3hoRiowU2kWHaJKFkSBDnDR+cm9J+9QhXmREyIfv0pji9ejCQ==
  dependencies:
    mimic-response "^3.1.0"

deep-extend@^0.6.0:
  version "0.6.0"
  resolved "https://registry.yarnpkg.com/deep-extend/-/deep-extend-0.6.0.tgz#c4fa7c95404a17a9c3e8ca7e1537312b736330ac"
  integrity sha512-LOHxIOaPYdHlJRtCQfDIVZtfw/ufM8+rVj649RIHzcm/vGwQRXFt6OPqIFWsm2XEMrNIEtWR64sY1LEKD2vAOA==

detect-libc@^2.0.0:
  version "2.1.2"
  resolved "https://registry.yarnpkg.com/detect-libc/-/detect-libc-2.1.2.tgz#689c5dcdc1900ef5583a4cb9f6d7b473742074ad"
  integrity sha512-Btj2BOOO83o3WyH59e8MgXsxEQVcarkUOpEYrubB0urwnN10yQ364rsiByU11nZlqWYZm05i/of7io4mzihBtQ==

dfa@^1.2.0:
  version "1.2.0"
  resolved "https://registry.yarnpkg.com/dfa/-/dfa-1.2.0.tgz#96ac3204e2d29c49ea5b57af8d92c2ae12790657"
  integrity sha512-ED3jP8saaweFTjeGX8HQPjeC1YYyZs98jGNZx6IiBvxW7JG5v492kamAQB3m2wop07CvU/RQmzcKr6bgcC5D/Q==

diacritics@1.3.0:
  version "1.3.0"
  resolved "https://registry.yarnpkg.com/diacritics/-/diacritics-1.3.0.tgz#3efa87323ebb863e6696cebb0082d48ff3d6f7a1"
  integrity sha512-wlwEkqcsaxvPJML+rDh/2iS824jbREk6DUMUKkEaSlxdYHeS43cClJtsWglvw2RfeXGm6ohKDqsXteJ5sP5enA==

end-of-stream@^1.1.0, end-of-stream@^1.4.1:
  version "1.4.5"
  resolved "https://registry.yarnpkg.com/end-of-stream/-/end-of-stream-1.4.5.tgz#7344d711dea40e0b74abc2ed49778743ccedb08c"
  integrity sha512-ooEGc6HP26xXq/N+GCGOT0JKCLDGrq2bQUZrQ7gyrJiZANJ/8YDTxTpQBXGMn+WbIQXNVpyWymm7KYVICQnyOg==
  dependencies:
    once "^1.4.0"

es-toolkit@^1.45.0:
  version "1.47.1"
  resolved "https://registry.yarnpkg.com/es-toolkit/-/es-toolkit-1.47.1.tgz#6f049fef04c2ef27400e8f38255a0dca323e1c3a"
  integrity sha512-5RAqEwf4P4E17p+W75KLOWw/nOvKZzSQpxM32IpI2KZLaVonjTrZ0Ai5ghMaVI9eKC2p8eoQgcBdkEDgzFk6+Q==

exifr@^7.1.3:
  version "7.1.3"
  resolved "https://registry.yarnpkg.com/exifr/-/exifr-7.1.3.tgz#f6218012c36dbb7d843222011b27f065fddbab6f"
  integrity sha512-g/aje2noHivrRSLbAUtBPWFbxKdKhgj/xr1vATDdUXPOFYJlQ62Ft0oy+72V6XLIpDJfHs6gXLbBLAolqOXYRw==

expand-template@^2.0.3:
  version "2.0.3"
  resolved "https://registry.yarnpkg.com/expand-template/-/expand-template-2.0.3.tgz#6e14b3fcee0f3a6340ecb57d2e8918692052a47c"
  integrity sha512-XYfuKMvj4O35f/pOXLObndIRvyQ+/+6AhODh+OKWj9S9498pHHn/IMszH+gt0fBCRWMNfk1ZSp5x3AifmnI2vg==

fast-deep-equal@^3.1.3:
  version "3.1.3"
  resolved "https://registry.yarnpkg.com/fast-deep-equal/-/fast-deep-equal-3.1.3.tgz#3a7d56b559d6cbc3eb512325244e619a65c6c525"
  integrity sha512-f3qQ9oQy9j2AhBe/H9VC91wLmKBCCU/gDOnKNAYG5hswO7BLKj09Hc5HYNz9cGI++xlpDCIgDaitVs03ATR84Q==

fast-equals@^6.0.0:
  version "6.0.0"
  resolved "https://registry.yarnpkg.com/fast-equals/-/fast-equals-6.0.0.tgz#719dedd2e126668b857b5e9d24e112e4acb2649a"
  integrity sha512-PFhhIGgdM79r5Uztdj9Zb6Tt1zKafqVfdMGwVca1z5z6fbX7DmsySSuJd8HiP6I1j505DCS83cLxo5rmSNeVEA==

fast-glob@^3.3.3:
  version "3.3.3"
  resolved "https://registry.yarnpkg.com/fast-glob/-/fast-glob-3.3.3.tgz#d06d585ce8dba90a16b0505c543c3ccfb3aeb818"
  integrity sha512-7MptL8U0cqcFdzIzwOTHoilX9x5BrNqye7Z/LuC7kCMRio1EMSyqRK3BEAUD7sXRq4iT4AzTVuZdhgQ2TCvYLg==
  dependencies:
    "@nodelib/fs.stat" "^2.0.2"
    "@nodelib/fs.walk" "^1.2.3"
    glob-parent "^5.1.2"
    merge2 "^1.3.0"
    micromatch "^4.0.8"

fast-json-stable-stringify@2.1.0:
  version "2.1.0"
  resolved "https://registry.yarnpkg.com/fast-json-stable-stringify/-/fast-json-stable-stringify-2.1.0.tgz#874bf69c6f404c2b5d99c481341399fd55892633"
  integrity sha512-lhd/wF+Lk98HZoTCtlVraHtfh5XYijIjalXck7saUtuanSDyLMxnHhSXEDJqHxD7msR8D0uCmqlkwjCV8xvwHw==

fastq@^1.6.0:
  version "1.20.1"
  resolved "https://registry.yarnpkg.com/fastq/-/fastq-1.20.1.tgz#ca750a10dc925bc8b18839fd203e3ef4b3ced675"
  integrity sha512-GGToxJ/w1x32s/D2EKND7kTil4n8OVk/9mycTc4VDza13lOvpUZTGX3mFSCtV9ksdGBVzvsyAVLM6mHFThxXxw==
  dependencies:
    reusify "^1.0.4"

file-uri-to-path@1.0.0:
  version "1.0.0"
  resolved "https://registry.yarnpkg.com/file-uri-to-path/-/file-uri-to-path-1.0.0.tgz#553a7b8446ff6f684359c445f1e37a05dacc33dd"
  integrity sha512-0Zt+s3L7Vf1biwWZ29aARiVYLx7iMGnEUl9x33fbB/j3jR81u/O2LbqK+Bm1CDSNDKVtJ/YjwY7TUd5SkeLQLw==

fill-range@^7.1.1:
  version "7.1.1"
  resolved "https://registry.yarnpkg.com/fill-range/-/fill-range-7.1.1.tgz#44265d3cac07e3ea7dc247516380643754a05292"
  integrity sha512-YsGpe3WHLK8ZYi4tWDg2Jy3ebRz2rXowDxnld4bkQB00cc/1Zw9AWnC0i9ztDJitivtQvaI9KaLyKrc+hBW0yg==
  dependencies:
    to-regex-range "^5.0.1"

fontkit@^2.0.4:
  version "2.0.4"
  resolved "https://registry.yarnpkg.com/fontkit/-/fontkit-2.0.4.tgz#4765d664c68b49b5d6feb6bd1051ee49d8ec5ab0"
  integrity sha512-syetQadaUEDNdxdugga9CpEYVaQIxOwk7GlwZWWZ19//qW4zE5bknOKeMBDYAASwnpaSHKJITRLMF9m1fp3s6g==
  dependencies:
    "@swc/helpers" "^0.5.12"
    brotli "^1.3.2"
    clone "^2.1.2"
    dfa "^1.2.0"
    fast-deep-equal "^3.1.3"
    restructure "^3.0.0"
    tiny-inflate "^1.0.3"
    unicode-properties "^1.4.0"
    unicode-trie "^2.0.0"

fs-constants@^1.0.0:
  version "1.0.0"
  resolved "https://registry.yarnpkg.com/fs-constants/-/fs-constants-1.0.0.tgz#6be0de9be998ce16af8afc24497b9ee9b7ccd9ad"
  integrity sha512-y6OAwoSIf7FyjMIv94u+b5rdheZEjzR63GTyZJm5qh4Bi+2YgwLCcI/fPFZkL5PSixOt6ZNKm+w+Hfp/Bciwow==

geojson-precision@^1.0.0:
  version "1.0.0"
  resolved "https://registry.yarnpkg.com/geojson-precision/-/geojson-precision-1.0.0.tgz#d2b6bac521ccfda190ba92b2b09591079c83da9a"
  integrity sha512-lXK9eCxhZQnZSMtz+xcy16H6In9oGbtYg0A92elUX13QtdrIsngrU2w9ZjkKB2GY1TDIJJ22elzcgRAEmyFoXQ==
  dependencies:
    commander "2.19.0"

github-from-package@0.0.0:
  version "0.0.0"
  resolved "https://registry.yarnpkg.com/github-from-package/-/github-from-package-0.0.0.tgz#97fb5d96bfde8973313f20e8288ef9a167fa64ce"
  integrity sha512-SyHy3T1v2NUXn29OsWdxmK6RwHD+vkj3v8en8AOBZ1wBQ/hCAQ5bAQTD02kW4W9tUp/3Qh6J8r9EvntiyCmOOw==

glob-parent@^5.1.2:
  version "5.1.2"
  resolved "https://registry.yarnpkg.com/glob-parent/-/glob-parent-5.1.2.tgz#869832c58034fe68a4093c17dc15e8340d8401c4"
  integrity sha512-AOIgSQCepiJYwP3ARnGx+5VnTu2HBYdzbGP45eLw1vr3zB3vZLeyed1sC9hnbcOc9/SrMyM5RPQrkGz4aS9Zow==
  dependencies:
    is-glob "^4.0.1"

globby@^16.2.0:
  version "16.2.0"
  resolved "https://registry.yarnpkg.com/globby/-/globby-16.2.0.tgz#6ab1351fbac1d9b9e47ed423814c2ad41af308ea"
  integrity sha512-QrJia2qDf5BB/V6HYlDTs0I0lBahyjLzpGQg3KT7FnCdTonAyPy2RtY802m2k4ALx6Dp752f82WsOczEVr3l6Q==
  dependencies:
    "@sindresorhus/merge-streams" "^4.0.0"
    fast-glob "^3.3.3"
    ignore "^7.0.5"
    is-path-inside "^4.0.0"
    slash "^5.1.0"
    unicorn-magic "^0.4.0"

idb-keyval@^6.2.2:
  version "6.2.5"
  resolved "https://registry.yarnpkg.com/idb-keyval/-/idb-keyval-6.2.5.tgz#fce562b07de93507de5ebf89dac9fd8795a9dcea"
  integrity sha512-eKQkTnS0relYsSOYomx8ozIbmdsQCKUdhyuIaQ2DZgKuaxtyQQMkyD/wlnQN32pO3yutN1b1L8uqwcDKaJd7/Q==

ieee754@^1.1.13:
  version "1.2.1"
  resolved "https://registry.yarnpkg.com/ieee754/-/ieee754-1.2.1.tgz#8eb7a10a63fff25d15a57b001586d177d1b0d352"
  integrity sha512-dcyqhDvX1C46lXZcVqCpK+FtMRQVdIMN6/Df5js2zouUsqG7I6sFxitIC+7KYK29KdXOLHdu9zL4sFnoVQnqaA==

ignore@^7.0.5:
  version "7.0.5"
  resolved "https://registry.yarnpkg.com/ignore/-/ignore-7.0.5.tgz#4cb5f6cd7d4c7ab0365738c7aea888baa6d7efd9"
  integrity sha512-Hs59xBNfUIunMFgWAbGX5cq6893IbWg4KnrjbYwX3tx0ztorVgTDA6B2sxf8ejHJ4wz8BqGUMYlnzNBer5NvGg==

image-size@^1.2.1:
  version "1.2.1"
  resolved "https://registry.yarnpkg.com/image-size/-/image-size-1.2.1.tgz#ee118aedfe666db1a6ee12bed5821cde3740276d"
  integrity sha512-rH+46sQJ2dlwfjfhCyNx5thzrv+dtmBIhPHk0zgRUukHzZ/kRueTJXoYYsclBaKcSMBWuGbOFXtioLpzTb5euw==
  dependencies:
    queue "6.0.2"

immediate@~3.0.5:
  version "3.0.6"
  resolved "https://registry.yarnpkg.com/immediate/-/immediate-3.0.6.tgz#9db1dbd0faf8de6fbe0f5dd5e56bb606280de69b"
  integrity sha512-XXOFtyqDjNDAQxVfYxuF7g9Il/IbWmmlQg2MYKOH8ExIT1qg6xc4zyS3HaEEATgs1btfzxq15ciUiY7gjSXRGQ==

inherits@^2.0.3, inherits@^2.0.4, inherits@~2.0.3:
  version "2.0.4"
  resolved "https://registry.yarnpkg.com/inherits/-/inherits-2.0.4.tgz#0fa2c64f932917c3433a0ded55363aae37416b7c"
  integrity sha512-k/vGaX4/Yla3WzyMCvTQOXYeIHvqOKtnqBduzTHpzpQZzAskKMhZ2K+EnBiSM9zGSoIFeMpXKxa4dYeZIQqewQ==

ini@~1.3.0:
  version "1.3.8"
  resolved "https://registry.yarnpkg.com/ini/-/ini-1.3.8.tgz#a29da425b48806f34767a4efce397269af28432c"
  integrity sha512-JV/yugV2uzW5iMRSiZAyDtQd+nxtUnjeLt0acNdw98kKLrvuRVyB80tsREOE7yvGVgalhZ6RNXCmEHkUKBKxew==

is-extglob@^2.1.1:
  version "2.1.1"
  resolved "https://registry.yarnpkg.com/is-extglob/-/is-extglob-2.1.1.tgz#a88c02535791f02ed37c76a1b9ea9773c833f8c2"
  integrity sha512-SbKbANkN603Vi4jEZv49LeVJMn4yGwsbzZworEoyEiutsN3nJYdbO36zfhGJ6QEDpOZIFkDtnq5JRxmvl3jsoQ==

is-glob@^4.0.1:
  version "4.0.3"
  resolved "https://registry.yarnpkg.com/is-glob/-/is-glob-4.0.3.tgz#64f61e42cbbb2eec2071a9dac0b28ba1e65d5084"
  integrity sha512-xelSayHH36ZgE7ZWhli7pW34hNbNl8Ojv5KVmkJD4hBdD3th8Tfk9vYasLM+mXWOZhFkgZfxhLSnrwRr4elSSg==
  dependencies:
    is-extglob "^2.1.1"

is-number@^7.0.0:
  version "7.0.0"
  resolved "https://registry.yarnpkg.com/is-number/-/is-number-7.0.0.tgz#7535345b896734d5f80c4d06c50955527a14f12b"
  integrity sha512-41Cifkg6e8TylSpdtTpeLVMqvSBEVzTttHvERD741+pnZ8ANv0004MRL43QKPDlK9cGvNp6NZWZUBlbGXYxxng==

is-path-inside@^4.0.0:
  version "4.0.0"
  resolved "https://registry.yarnpkg.com/is-path-inside/-/is-path-inside-4.0.0.tgz#805aeb62c47c1b12fc3fd13bfb3ed1e7430071db"
  integrity sha512-lJJV/5dYS+RcL8uQdBDW9c9uWFLLBNRyFhnAKXw5tVqLlKZ4RMGZKv+YQ/IA3OhD+RpbJa1LLFM1FQPGyIXvOA==

isarray@~1.0.0:
  version "1.0.0"
  resolved "https://registry.yarnpkg.com/isarray/-/isarray-1.0.0.tgz#bb935d48582cba168c06834957a54a3e07124f11"
  integrity sha512-VLghIWNM6ELQzo7zwmcg0NmTVyWKYjvIeM83yjp0wRDTmUnrM678fQbcKBo6n2CJEF0szoG//ytg+TKla89ALQ==

js-yaml@^4.1.1:
  version "4.2.0"
  resolved "https://registry.yarnpkg.com/js-yaml/-/js-yaml-4.2.0.tgz#2bd9e85682dd91bd469afb809d816043b3d49524"
  integrity sha512-ePWsvanv0DWuDRsW8dnt+R4jQ31SCRCQ7hhNcPXZPsoBZiemuZNYGf7adZdqX2D86j6rvKp3RpCxVTSb8WQlOw==
  dependencies:
    argparse "^2.0.1"

json-stringify-pretty-compact@^4.0.0:
  version "4.0.0"
  resolved "https://registry.yarnpkg.com/json-stringify-pretty-compact/-/json-stringify-pretty-compact-4.0.0.tgz#cf4844770bddee3cb89a6170fe4b00eee5dbf1d4"
  integrity sha512-3CNZ2DnrpByG9Nqj6Xo8vqbjT4F6N+tb4Gb28ESAZjYZ5yqvmc56J+/kuIwkaAMOyblTQhUW7PxMkUb8Q36N3Q==

jszip@^3.10.1:
  version "3.10.1"
  resolved "https://registry.yarnpkg.com/jszip/-/jszip-3.10.1.tgz#34aee70eb18ea1faec2f589208a157d1feb091c2"
  integrity sha512-xXDvecyTpGLrqFrvkrUSoxxfJI5AH7U8zxxtVclpsUtMCq4JQ290LY8AW5c7Ggnr/Y/oK+bQMbqK2qmtk3pN4g==
  dependencies:
    lie "~3.3.0"
    pako "~1.0.2"
    readable-stream "~2.3.6"
    setimmediate "^1.0.5"

lie@~3.3.0:
  version "3.3.0"
  resolved "https://registry.yarnpkg.com/lie/-/lie-3.3.0.tgz#dcf82dee545f46074daf200c7c1c5a08e0f40f6a"
  integrity sha512-UaiMJzeWRlEujzAuw5LokY1L5ecNQYZKfmyZ9L7wDHb/p5etKaxXhohBcrw0EYby+G/NA52vRSN4N39dxHAIwQ==
  dependencies:
    immediate "~3.0.5"

lineclip@^1.1.5:
  version "1.1.5"
  resolved "https://registry.yarnpkg.com/lineclip/-/lineclip-1.1.5.tgz#2bf26067d94354feabf91e42768236db5616fd13"
  integrity sha512-KlA/wRSjpKl7tS9iRUdlG72oQ7qZ1IlVbVgHwoO10TBR/4gQ86uhKow6nlzMAJJhjCWKto8OeoAzzIzKSmN25A==

marked@~18.0.0:
  version "18.0.5"
  resolved "https://registry.yarnpkg.com/marked/-/marked-18.0.5.tgz#c229c0ac6ad1e275ae8e5037c6168f76d2f42e61"
  integrity sha512-S6GcvALHg6K4ohtu4E7x0a1AqhAjp6cV8KhLSyN9qVapnzJkusVBxZRcIU9AeYsbe6P1hKDusSbEOzGyyuce6w==

merge2@^1.3.0:
  version "1.4.1"
  resolved "https://registry.yarnpkg.com/merge2/-/merge2-1.4.1.tgz#4368892f885e907455a6fd7dc55c0c9d404990ae"
  integrity sha512-8q7VEgMJW4J8tcfVPy8g09NcQwZdbwFEqhe/WZkoIzjn/3TGDwtOCYtXGxA3O8tPzpczCCDgv+P2P5y00ZJOOg==

micromatch@^4.0.8:
  version "4.0.8"
  resolved "https://registry.yarnpkg.com/micromatch/-/micromatch-4.0.8.tgz#d66fa18f3a47076789320b9b1af32bd86d9fa202"
  integrity sha512-PXwfBhYu0hBCPw8Dn0E+WDYb7af3dSLVWKi3HGv84IdF4TyFoC0ysxFd0Goxw7nSv4T/PzEJQxsYsEiFCKo2BA==
  dependencies:
    braces "^3.0.3"
    picomatch "^2.3.1"

mimic-response@^3.1.0:
  version "3.1.0"
  resolved "https://registry.yarnpkg.com/mimic-response/-/mimic-response-3.1.0.tgz#2d1d59af9c1b129815accc2c46a022a5ce1fa3c9"
  integrity sha512-z0yWI+4FDrrweS8Zmt4Ej5HdJmky15+L2e6Wgn3+iK5fWzb6T3fhNFq2+MeTRb064c6Wr4N/wv0DzQTjNzHNGQ==

minimist@^1.2.0, minimist@^1.2.3:
  version "1.2.8"
  resolved "https://registry.yarnpkg.com/minimist/-/minimist-1.2.8.tgz#c1a464e7693302e082a075cee0c057741ac4772c"
  integrity sha512-2yyAR8qBkN3YuheJanUpWC5U3bb5osDywNB8RzDVlDwDHbocAJveqqj1u8+SVD7jkWT4yvsHCpWqqWqAxb0zCA==

mkdirp-classic@^0.5.2, mkdirp-classic@^0.5.3:
  version "0.5.3"
  resolved "https://registry.yarnpkg.com/mkdirp-classic/-/mkdirp-classic-0.5.3.tgz#fa10c9115cc6d8865be221ba47ee9bed78601113"
  integrity sha512-gKLcREMhtuZRwRAfqP3RFW+TK4JqApVBtOIftVgjuABpAtpxhPGaDcfvbhNvD0B8iD1oUr/txX35NjcaY6Ns/A==

napi-build-utils@^2.0.0:
  version "2.0.0"
  resolved "https://registry.yarnpkg.com/napi-build-utils/-/napi-build-utils-2.0.0.tgz#13c22c0187fcfccce1461844136372a47ddc027e"
  integrity sha512-GEbrYkbfF7MoNaoh2iGG84Mnf/WZfB0GdGEsM8wz7Expx/LlWf5U8t9nvJKXSp3qr5IsEbK04cBGhol/KwOsWA==

node-abi@^3.3.0:
  version "3.92.0"
  resolved "https://registry.yarnpkg.com/node-abi/-/node-abi-3.92.0.tgz#18e2214677499b8dda81ffcd095afc763d5a9802"
  integrity sha512-KdHvFWZjEKDf0cakgFjebl371GPsISX2oZHcuyKqM7DtogIsHrqKeLTo8wBHxaXRAQlY2PsPlZmfo+9ZCxEREQ==
  dependencies:
    semver "^7.3.5"

node-diff3@~3.2.0:
  version "3.2.1"
  resolved "https://registry.yarnpkg.com/node-diff3/-/node-diff3-3.2.1.tgz#633392f3ae845cb27a361d91ad8fc57ab97a566a"
  integrity sha512-eKZcJ8RtMQ3cIaA15EgmtwG927fYnRlhtdA4Q9HAcCpAZPQhhU2XptnTH9GeAkMiX2bAXxlJSAFa9shFbztPgw==

once@^1.3.1, once@^1.4.0:
  version "1.4.0"
  resolved "https://registry.yarnpkg.com/once/-/once-1.4.0.tgz#583b1aa775961d4b113ac17d9c50baef9dd76bd1"
  integrity sha512-lNaJgI+2Q5URQBkccEKHTQOPaXdUxnZZElQTZY0MFUAuaEqe1E+Nyvgdz/aIyNi6Z9MzO5dv1H8n58/GELp3+w==
  dependencies:
    wrappy "1"

osm-auth@^3.1.1:
  version "3.2.0"
  resolved "https://registry.yarnpkg.com/osm-auth/-/osm-auth-3.2.0.tgz#5940d030bcd203b56620f45fd2a86ae88e73f291"
  integrity sha512-RGLVOLENia6wbmpUiSk6/3DQAhWL7hXNSY01VDAfvX6/V4+DG3eUsxzBW44Q/mdKFnAKDne97ut27D/9qtmmYw==

pako@^0.2.5:
  version "0.2.9"
  resolved "https://registry.yarnpkg.com/pako/-/pako-0.2.9.tgz#f3f7522f4ef782348da8161bad9ecfd51bf83a75"
  integrity sha512-NUcwaKxUxWrZLpDG+z/xZaCgQITkA/Dv4V/T6bw7VON6l1Xz/VnrBqrYjZQ12TamKHzITTfOEIYUj48y2KXImA==

pako@~1.0.2:
  version "1.0.11"
  resolved "https://registry.yarnpkg.com/pako/-/pako-1.0.11.tgz#6c9599d340d54dfd3946380252a35705a6b992bf"
  integrity sha512-4hLB8Py4zZce5s4yd9XzopqwVv/yGNhV1Bl8NTmCq1763HeK2+EwVTv+leGeL13Dnh2wfbqowVPXCIO0z4taYw==

pannellum@2.5.7:
  version "2.5.7"
  resolved "https://registry.yarnpkg.com/pannellum/-/pannellum-2.5.7.tgz#7b871605d23932dfff8a11e1a7d7b593c70ba3cf"
  integrity sha512-AHMRYdLPxetwhBg4lO5EgoZ55C/e+wrJF2WaFQIQA18HSVcvLvsdXEjDL7WpD8MPIFwNnH9qoUDsUqP8cF4pgA==

pbf@^5.0.0:
  version "5.1.0"
  resolved "https://registry.yarnpkg.com/pbf/-/pbf-5.1.0.tgz#669221946f675ea6e893743b34f2d68d1f7b6c12"
  integrity sha512-Wv0yo0+uZepnoNEKsquhar1F18LogB8oeEikIhUXG16udbiXG7JecHGySwoo6kuMgjmbQYzdrTZlO+/K9t8eZg==
  dependencies:
    resolve-protobuf-schema "^2.1.0"

picomatch@^2.3.1:
  version "2.3.2"
  resolved "https://registry.yarnpkg.com/picomatch/-/picomatch-2.3.2.tgz#5a942915e26b372dc0f0e6753149a16e6b1c5601"
  integrity sha512-V7+vQEJ06Z+c5tSye8S+nHUfI51xoXIXjHQ99cQtKUkQqqO1kO/KCJUfZXuB47h/YBlDhah2H3hdUGXn8ie0oA==

polyclip-ts@^0.16.8, polyclip-ts@~0.16.8:
  version "0.16.8"
  resolved "https://registry.yarnpkg.com/polyclip-ts/-/polyclip-ts-0.16.8.tgz#503160d05e9d56380533aab0bc2dae835d6da5f9"
  integrity sha512-JPtKbDRuPEuAjuTdhR62Gph7Is2BS1Szx69CFOO3g71lpJDFo78k4tFyi+qFOMVPePEzdSKkpGU3NBXPHHjvKQ==
  dependencies:
    bignumber.js "^9.1.0"
    splaytree-ts "^1.0.2"

prebuild-install@^7.1.1:
  version "7.1.3"
  resolved "https://registry.yarnpkg.com/prebuild-install/-/prebuild-install-7.1.3.tgz#d630abad2b147443f20a212917beae68b8092eec"
  integrity sha512-8Mf2cbV7x1cXPUILADGI3wuhfqWvtiLA1iclTDbFRZkgRQS0NqsPZphna9V+HyTEadheuPmjaJMsbzKQFOzLug==
  dependencies:
    detect-libc "^2.0.0"
    expand-template "^2.0.3"
    github-from-package "0.0.0"
    minimist "^1.2.3"
    mkdirp-classic "^0.5.3"
    napi-build-utils "^2.0.0"
    node-abi "^3.3.0"
    pump "^3.0.0"
    rc "^1.2.7"
    simple-get "^4.0.0"
    tar-fs "^2.0.0"
    tunnel-agent "^0.6.0"

process-nextick-args@~2.0.0:
  version "2.0.1"
  resolved "https://registry.yarnpkg.com/process-nextick-args/-/process-nextick-args-2.0.1.tgz#7820d9b16120cc55ca9ae7792680ae7dba6d7fe2"
  integrity sha512-3ouUOpQhtgrbOa17J7+uxOTpITYWaGP7/AhoR3+A+/1e9skrzelGi/dXzEYyvbxubEF6Wn2ypscTKiKJFFn1ag==

protocol-buffers-schema@^3.3.1:
  version "3.6.1"
  resolved "https://registry.yarnpkg.com/protocol-buffers-schema/-/protocol-buffers-schema-3.6.1.tgz#fd9a58a5c4e96385b964808f3ddd58f9ef18c3c8"
  integrity sha512-VG2K63Igkiv9p76tk1lilczEK1cT+kCjKtkdhw1dQZV3k3IXJbd3o6Ho8b9zJZaHSnT2hKe4I+ObmX9w6m5SmQ==

pump@^3.0.0:
  version "3.0.4"
  resolved "https://registry.yarnpkg.com/pump/-/pump-3.0.4.tgz#1f313430527fa8b905622ebd22fe1444e757ab3c"
  integrity sha512-VS7sjc6KR7e1ukRFhQSY5LM2uBWAUPiOPa/A3mkKmiMwSmRFUITt0xuj+/lesgnCv+dPIEYlkzrcyXgquIHMcA==
  dependencies:
    end-of-stream "^1.1.0"
    once "^1.3.1"

queue-microtask@^1.2.2:
  version "1.2.3"
  resolved "https://registry.yarnpkg.com/queue-microtask/-/queue-microtask-1.2.3.tgz#4929228bbc724dfac43e0efb058caf7b6cfb6243"
  integrity sha512-NuaNSa6flKT5JaSYQzJok04JzTL1CA6aGhv5rfLW3PgqA+M2ChpZQnAC8h8i4ZFkBS8X5RqkDBHA7r4hej3K9A==

queue@6.0.2:
  version "6.0.2"
  resolved "https://registry.yarnpkg.com/queue/-/queue-6.0.2.tgz#b91525283e2315c7553d2efa18d83e76432fed65"
  integrity sha512-iHZWu+q3IdFZFX36ro/lKBkSvfkztY5Y7HMiPlOUjhupPcG2JMfst2KKEpu5XndviX/3UhFbRngUPNKtgvtZiA==
  dependencies:
    inherits "~2.0.3"

quickselect@^1.0.1:
  version "1.1.1"
  resolved "https://registry.yarnpkg.com/quickselect/-/quickselect-1.1.1.tgz#852e412ce418f237ad5b660d70cffac647ae94c2"
  integrity sha512-qN0Gqdw4c4KGPsBOQafj6yj/PA6c/L63f6CaZ/DCF/xF4Esu3jVmKLUDYxghFx8Kb/O7y9tI7x2RjTSXwdK1iQ==

quickselect@^3.0.0:
  version "3.0.0"
  resolved "https://registry.yarnpkg.com/quickselect/-/quickselect-3.0.0.tgz#a37fc953867d56f095a20ac71c6d27063d2de603"
  integrity sha512-XdjUArbK4Bm5fLLvlm5KpTFOiOThgfWWI4axAZDWg4E/0mKdZyI9tNEfds27qCi1ze/vwTR16kvmmGhRra3c2g==

rbush@4.0.1:
  version "4.0.1"
  resolved "https://registry.yarnpkg.com/rbush/-/rbush-4.0.1.tgz#1f55afa64a978f71bf9e9a99bc14ff84f3cb0d6d"
  integrity sha512-IP0UpfeWQujYC8Jg162rMNc01Rf0gWMMAb2Uxus/Q0qOFw4lCcq6ZnQEZwUoJqWyUGJ9th7JjwI4yIWo+uvoAQ==
  dependencies:
    quickselect "^3.0.0"

rbush@^2.0.1:
  version "2.0.2"
  resolved "https://registry.yarnpkg.com/rbush/-/rbush-2.0.2.tgz#bb6005c2731b7ba1d5a9a035772927d16a614605"
  integrity sha512-XBOuALcTm+O/H8G90b6pzu6nX6v2zCKiFG4BJho8a+bY6AER6t8uQUZdi5bomQc0AprCWhEGa7ncAbbRap0bRA==
  dependencies:
    quickselect "^1.0.1"

rc@^1.2.7:
  version "1.2.8"
  resolved "https://registry.yarnpkg.com/rc/-/rc-1.2.8.tgz#cd924bf5200a075b83c188cd6b9e211b7fc0d3ed"
  integrity sha512-y3bGgqKj3QBdxLbLkomlohkvsA8gdAiUQlSBJnBhfn+BPxg4bc62d8TcBW15wavDfgexCgccckhcZvywyQYPOw==
  dependencies:
    deep-extend "^0.6.0"
    ini "~1.3.0"
    minimist "^1.2.0"
    strip-json-comments "~2.0.1"

readable-stream@^3.1.1, readable-stream@^3.4.0:
  version "3.6.2"
  resolved "https://registry.yarnpkg.com/readable-stream/-/readable-stream-3.6.2.tgz#56a9b36ea965c00c5a93ef31eb111a0f11056967"
  integrity sha512-9u/sniCrY3D5WdsERHzHE4G2YCXqoG5FTHUiCC4SIbr6XcLZBY05ya9EKjYek9O5xOAwjGq+1JdGBAS7Q9ScoA==
  dependencies:
    inherits "^2.0.3"
    string_decoder "^1.1.1"
    util-deprecate "^1.0.1"

readable-stream@~2.3.6:
  version "2.3.8"
  resolved "https://registry.yarnpkg.com/readable-stream/-/readable-stream-2.3.8.tgz#91125e8042bba1b9887f49345f6277027ce8be9b"
  integrity sha512-8p0AUk4XODgIewSi0l8Epjs+EVnWiK7NoDIEGU0HhE7+ZyY8D1IMY7odu5lRrFXGg71L15KG8QrPmum45RTtdA==
  dependencies:
    core-util-is "~1.0.0"
    inherits "~2.0.3"
    isarray "~1.0.0"
    process-nextick-args "~2.0.0"
    safe-buffer "~5.1.1"
    string_decoder "~1.1.1"
    util-deprecate "~1.0.1"

resolve-protobuf-schema@^2.1.0:
  version "2.1.0"
  resolved "https://registry.yarnpkg.com/resolve-protobuf-schema/-/resolve-protobuf-schema-2.1.0.tgz#9ca9a9e69cf192bbdaf1006ec1973948aa4a3758"
  integrity sha512-kI5ffTiZWmJaS/huM8wZfEMer1eRd7oJQhDuxeCLe3t7N7mX3z94CN0xPxBQxFYQTSNz9T0i+v6inKqSdK8xrQ==
  dependencies:
    protocol-buffers-schema "^3.3.1"

restructure@^3.0.0:
  version "3.0.2"
  resolved "https://registry.yarnpkg.com/restructure/-/restructure-3.0.2.tgz#e6b2fad214f78edee21797fa8160fef50eb9b49a"
  integrity sha512-gSfoiOEA0VPE6Tukkrr7I0RBdE0s7H1eFCDBk05l1KIQT1UIKNc5JZy6jdyW6eYH3aR3g5b3PuL77rq0hvwtAw==

reusify@^1.0.4:
  version "1.1.0"
  resolved "https://registry.yarnpkg.com/reusify/-/reusify-1.1.0.tgz#0fe13b9522e1473f51b558ee796e08f11f9b489f"
  integrity sha512-g6QUff04oZpHs0eG5p83rFLhHeV00ug/Yf9nZM6fLeUrPguBTkTQOdpAWWspMh55TZfVQDPaN3NQJfbVRAxdIw==

run-parallel@^1.1.9:
  version "1.2.0"
  resolved "https://registry.yarnpkg.com/run-parallel/-/run-parallel-1.2.0.tgz#66d1368da7bdf921eb9d95bd1a9229e7f21a43ee"
  integrity sha512-5l4VyZR86LZ/lDxZTR6jqL8AFE2S0IFLMP26AbjsLVADxHdhB/c0GUsH+y39UfCi3dzz8OlQuPmnaJOMoDHQBA==
  dependencies:
    queue-microtask "^1.2.2"

safe-buffer@^5.0.1, safe-buffer@~5.2.0:
  version "5.2.1"
  resolved "https://registry.yarnpkg.com/safe-buffer/-/safe-buffer-5.2.1.tgz#1eaf9fa9bdb1fdd4ec75f58f9cdb4e6b7827eec6"
  integrity sha512-rp3So07KcdmmKbGvgaNxQSJr7bGVSVk5S9Eq1F+ppbRo70+YeaDxkw5Dd8NPN+GD6bjnYm2VuPuCXmpuYvmCXQ==

safe-buffer@~5.1.0, safe-buffer@~5.1.1:
  version "5.1.2"
  resolved "https://registry.yarnpkg.com/safe-buffer/-/safe-buffer-5.1.2.tgz#991ec69d296e0313747d59bdfd2b745c35f8828d"
  integrity sha512-Gd2UZBJDkXlY7GbJxfsE8/nvKkUEU1G38c1siN6QP6a9PT9MmHB8GnpscSmMJSoF8LOIrt8ud/wPtojys4G6+g==

sax@^1.4.1:
  version "1.6.0"
  resolved "https://registry.yarnpkg.com/sax/-/sax-1.6.0.tgz#da59637629307b97e7c4cb28e080a7bc38560d5b"
  integrity sha512-6R3J5M4AcbtLUdZmRv2SygeVaM7IhrLXu9BmnOGmmACak8fiUtOsYNWUS4uK7upbmHIBbLBeFeI//477BKLBzA==

semver@^7.3.5:
  version "7.8.4"
  resolved "https://registry.yarnpkg.com/semver/-/semver-7.8.4.tgz#c73eceebae0616934be8dff28a7fd70757c8e696"
  integrity sha512-rUCObTnP32Q08R2uuIrt7r9PlEonuTmtuXYcW6s5kjdlj3xbnwe+21yXptAUYcMAABLkYYTtnmzb3w3EDZfueA==

setimmediate@^1.0.5:
  version "1.0.5"
  resolved "https://registry.yarnpkg.com/setimmediate/-/setimmediate-1.0.5.tgz#290cbb232e306942d7d7ea9b83732ab7856f8285"
  integrity sha512-MATJdZp8sLqDl/68LfQmbP8zKPLQNV6BIZoIgrscFDQ+RsvK/BxeDQOgyxKKoh0y/8h3BqVFnCqQ/gd+reiIXA==

simple-concat@^1.0.0:
  version "1.0.1"
  resolved "https://registry.yarnpkg.com/simple-concat/-/simple-concat-1.0.1.tgz#f46976082ba35c2263f1c8ab5edfe26c41c9552f"
  integrity sha512-cSFtAPtRhljv69IK0hTVZQ+OfE9nePi/rtJmw5UjHeVyVroEqJXP1sFztKUy1qU+xvz3u/sfYJLa947b7nAN2Q==

simple-get@^4.0.0:
  version "4.0.1"
  resolved "https://registry.yarnpkg.com/simple-get/-/simple-get-4.0.1.tgz#4a39db549287c979d352112fa03fd99fd6bc3543"
  integrity sha512-brv7p5WgH0jmQJr1ZDDfKDOSeWWg+OVypG99A/5vYGPqJ6pxiaHLy8nxtFjBA7oMa01ebA9gfh1uMCFqOuXxvA==
  dependencies:
    decompress-response "^6.0.0"
    once "^1.3.1"
    simple-concat "^1.0.0"

slash@^5.1.0:
  version "5.1.0"
  resolved "https://registry.yarnpkg.com/slash/-/slash-5.1.0.tgz#be3adddcdf09ac38eebe8dcdc7b1a57a75b095ce"
  integrity sha512-ZA6oR3T/pEyuqwMgAKT0/hAv8oAXckzbkmR0UkUosQ+Mc4RxGoJkRmwHgHufaenlyAgE1Mxgpdcrf75y6XcnDg==

splaytree-ts@^1.0.2:
  version "1.0.2"
  resolved "https://registry.yarnpkg.com/splaytree-ts/-/splaytree-ts-1.0.2.tgz#34963704587aff45eaa09c24713f552bbf56e8f0"
  integrity sha512-0kGecIZNIReCSiznK3uheYB8sbstLjCZLiwcQwbmLhgHJj2gz6OnSPkVzJQCMnmEz1BQ4gPK59ylhBoEWOhGNA==

string_decoder@^1.1.1:
  version "1.3.0"
  resolved "https://registry.yarnpkg.com/string_decoder/-/string_decoder-1.3.0.tgz#42f114594a46cf1a8e30b0a84f56c78c3edac21e"
  integrity sha512-hkRX8U1WjJFd8LsDJ2yQ/wWWxaopEsABU1XfkM8A+j0+85JAGppt16cr1Whg6KIbb4okU6Mql6BOj+uup/wKeA==
  dependencies:
    safe-buffer "~5.2.0"

string_decoder@~1.1.1:
  version "1.1.1"
  resolved "https://registry.yarnpkg.com/string_decoder/-/string_decoder-1.1.1.tgz#9cf1611ba62685d7030ae9e4ba34149c3af03fc8"
  integrity sha512-n/ShnvDi6FHbbVfviro+WojiFzv+s8MPMHBczVePfUpDJLwoLT0ht1l4YwBCbi8pJAveEEdnkHyPyTP/mzRfwg==
  dependencies:
    safe-buffer "~5.1.0"

strip-json-comments@~2.0.1:
  version "2.0.1"
  resolved "https://registry.yarnpkg.com/strip-json-comments/-/strip-json-comments-2.0.1.tgz#3c531942e908c2697c0ec344858c286c7ca0a60a"
  integrity sha512-4gB8na07fecVVkOI6Rs4e7T6NOTki5EmL7TUduTs6bu3EdnSycntVJ4re8kgZA+wx9IueI2Y11bfbgwtzuE0KQ==

svgdom@^0.1.23:
  version "0.1.23"
  resolved "https://registry.yarnpkg.com/svgdom/-/svgdom-0.1.23.tgz#ef6c269936fb01e9ae3f0a64440737053fe32ddf"
  integrity sha512-zTT8cz8rf07OCvRhTipJv+bt/MgL5Zm2ZF3IttK9zr/MKVDTrgo+usbDQMOK1PGzqDT7GA1SshnYlXvtafK7Fw==
  dependencies:
    fontkit "^2.0.4"
    image-size "^1.2.1"
    sax "^1.4.1"

tagged-tag@^1.0.0:
  version "1.0.0"
  resolved "https://registry.yarnpkg.com/tagged-tag/-/tagged-tag-1.0.0.tgz#a0b5917c2864cba54841495abfa3f6b13edcf4d6"
  integrity sha512-yEFYrVhod+hdNyx7g5Bnkkb0G6si8HJurOoOEgC8B/O0uXLHlaey/65KRv6cuWBNhBgHKAROVpc7QyYqE5gFng==

tar-fs@^2.0.0:
  version "2.1.4"
  resolved "https://registry.yarnpkg.com/tar-fs/-/tar-fs-2.1.4.tgz#800824dbf4ef06ded9afea4acafe71c67c76b930"
  integrity sha512-mDAjwmZdh7LTT6pNleZ05Yt65HC3E+NiQzl672vQG38jIrehtJk/J3mNwIg+vShQPcLF/LV7CMnDW6vjj6sfYQ==
  dependencies:
    chownr "^1.1.1"
    mkdirp-classic "^0.5.2"
    pump "^3.0.0"
    tar-stream "^2.1.4"

tar-stream@^2.1.4:
  version "2.2.0"
  resolved "https://registry.yarnpkg.com/tar-stream/-/tar-stream-2.2.0.tgz#acad84c284136b060dc3faa64474aa9aebd77287"
  integrity sha512-ujeqbceABgwMZxEJnk2HDY2DlnUZ+9oEcb1KzTVfYHio0UE6dG71n60d8D2I4qNvleWrrXpmjpt7vZeF1LnMZQ==
  dependencies:
    bl "^4.0.3"
    end-of-stream "^1.4.1"
    fs-constants "^1.0.0"
    inherits "^2.0.3"
    readable-stream "^3.1.1"

tiny-inflate@^1.0.0, tiny-inflate@^1.0.3:
  version "1.0.3"
  resolved "https://registry.yarnpkg.com/tiny-inflate/-/tiny-inflate-1.0.3.tgz#122715494913a1805166aaf7c93467933eea26c4"
  integrity sha512-pkY1fj1cKHb2seWDy0B16HeWyczlJA9/WW3u3c4z/NiWDsO3DOU5D7nhTLE9CF0yXv/QZFY7sEJmj24dK+Rrqw==

to-regex-range@^5.0.1:
  version "5.0.1"
  resolved "https://registry.yarnpkg.com/to-regex-range/-/to-regex-range-5.0.1.tgz#1648c44aae7c8d988a326018ed72f5b4dd0392e4"
  integrity sha512-65P7iz6X5yEr1cwcgvQxbbIw7Uk3gOy5dIdtZ4rDveLqhrdJP+Li/Hx6tyK0NEb+2GCyneCMJiGqrADCSNk8sQ==
  dependencies:
    is-number "^7.0.0"

tslib@^2.8.0, tslib@^2.8.1:
  version "2.8.1"
  resolved "https://registry.yarnpkg.com/tslib/-/tslib-2.8.1.tgz#612efe4ed235d567e8aba5f2a5fab70280ade83f"
  integrity sha512-oJFu94HQb+KVduSUQL7wnpmqnfmLsOA/nAh6b6EH0wCEoK0/mPeXU6c3wKDV83MkOuHPRHtSXKKU99IBazS/2w==

tunnel-agent@^0.6.0:
  version "0.6.0"
  resolved "https://registry.yarnpkg.com/tunnel-agent/-/tunnel-agent-0.6.0.tgz#27a5dea06b36b04a0a9966774b290868f0fc40fd"
  integrity sha512-McnNiV1l8RYeY8tBgEpuodCC1mLUdbSN+CYBL7kJsJNInOP8UjDDEwdk6Mw60vdLLrr5NHKZhMAOSrR2NZuQ+w==
  dependencies:
    safe-buffer "^5.0.1"

type-fest@^5.7.0:
  version "5.7.0"
  resolved "https://registry.yarnpkg.com/type-fest/-/type-fest-5.7.0.tgz#bae586d3b7c2596bd9c7e62195f33c7fcada1c91"
  integrity sha512-1URUxUqfHFM1c+zfSPsa3gnkO7Aq21qyH75SIduNYz4SzY964rn1X2vCMQaHSHhktiw+0kPa2iyb6PUpXqB6Vg==
  dependencies:
    tagged-tag "^1.0.0"

typescript@^6.0.3:
  version "6.0.3"
  resolved "https://registry.yarnpkg.com/typescript/-/typescript-6.0.3.tgz#90251dc007916e972786cb94d74d15b185577d21"
  integrity sha512-y2TvuxSZPDyQakkFRPZHKFm+KKVqIisdg9/CZwm9ftvKXLP8NRWj38/ODjNbr43SsoXqNuAisEf1GdCxqWcdBw==

"undici-types@>=7.24.0 <7.24.7":
  version "7.24.6"
  resolved "https://registry.yarnpkg.com/undici-types/-/undici-types-7.24.6.tgz#61275b485d7fd4e9d269c7cf04ec2873c9cc0f91"
  integrity sha512-WRNW+sJgj5OBN4/0JpHFqtqzhpbnV0GuB+OozA9gCL7a993SmU+1JBZCzLNxYsbMfIeDL+lTsphD5jN5N+n0zg==

undici-types@~8.3.0:
  version "8.3.0"
  resolved "https://registry.yarnpkg.com/undici-types/-/undici-types-8.3.0.tgz#44e9fc9f3244648cdea35e4f9bb2d681e9410809"
  integrity sha512-j375ScV60dom+YkPFIfTLcOiPxkN/buHz5GobjLhixFuANaNs3C9l4GmrWqejgXWJ7BbJcFYpTEUkS1Ge8bpZQ==

unicode-properties@^1.4.0:
  version "1.4.1"
  resolved "https://registry.yarnpkg.com/unicode-properties/-/unicode-properties-1.4.1.tgz#96a9cffb7e619a0dc7368c28da27e05fc8f9be5f"
  integrity sha512-CLjCCLQ6UuMxWnbIylkisbRj31qxHPAurvena/0iwSVbQ2G1VY5/HjV0IRabOEbDHlzZlRdCrD4NhB0JtU40Pg==
  dependencies:
    base64-js "^1.3.0"
    unicode-trie "^2.0.0"

unicode-trie@^2.0.0:
  version "2.0.0"
  resolved "https://registry.yarnpkg.com/unicode-trie/-/unicode-trie-2.0.0.tgz#8fd8845696e2e14a8b67d78fa9e0dd2cad62fec8"
  integrity sha512-x7bc76x0bm4prf1VLg79uhAzKw8DVboClSN5VxJuQ+LKDOVEW9CdH+VY7SP+vX7xCYQqzzgQpFqz15zeLvAtZQ==
  dependencies:
    pako "^0.2.5"
    tiny-inflate "^1.0.0"

unicorn-magic@^0.4.0:
  version "0.4.0"
  resolved "https://registry.yarnpkg.com/unicorn-magic/-/unicorn-magic-0.4.0.tgz#78c6a090fd6d07abd2468b83b385603e00dfdb24"
  integrity sha512-wH590V9VNgYH9g3lH9wWjTrUoKsjLF6sGLjhR4sH1LWpLmCOH0Zf7PukhDA8BiS7KHe4oPNkcTHqYkj7SOGUOw==

util-deprecate@^1.0.1, util-deprecate@~1.0.1:
  version "1.0.2"
  resolved "https://registry.yarnpkg.com/util-deprecate/-/util-deprecate-1.0.2.tgz#450d4dc9fa70de732762fbd2d4a28981419a0ccf"
  integrity sha512-EPD5q1uXyFxJpCrLnCc1nHnq3gOa6DZBocAIiI2TaSCA7VCJ1UJDMagCzIkXNsUYfD1daK//LTEQ8xiIbrHtcw==

wgs84@0.0.0:
  version "0.0.0"
  resolved "https://registry.yarnpkg.com/wgs84/-/wgs84-0.0.0.tgz#34fdc555917b6e57cf2a282ed043710c049cdc76"
  integrity sha512-ANHlY4Rb5kHw40D0NJ6moaVfOCMrp9Gpd1R/AIQYg2ko4/jzcJ+TVXYYF6kXJqQwITvEZP4yEthjM7U6rYlljQ==

whatwg-fetch@^3.6.20:
  version "3.6.20"
  resolved "https://registry.yarnpkg.com/whatwg-fetch/-/whatwg-fetch-3.6.20.tgz#580ce6d791facec91d37c72890995a0b48d31c70"
  integrity sha512-EqhiFU6daOA8kpjOWTL0olhVOF3i7OrFzSYiGsEMB8GcXS+RrzauAERX65xMeNWVqxA6HXH2m69Z9LaKKdisfg==

which-polygon@2.2.1, which-polygon@^2.2.1:
  version "2.2.1"
  resolved "https://registry.yarnpkg.com/which-polygon/-/which-polygon-2.2.1.tgz#093d76c9628ee12bfae39448609accbdcc268c31"
  integrity sha512-RlpWbqz12OMT0r2lEHk7IUPXz0hb1L/ZZsGushB2P2qxuBu1aq1+bcTfsLtfoRBYHsED6ruBMiwFaidvXZfQVw==
  dependencies:
    lineclip "^1.1.5"
    rbush "^2.0.1"

wrappy@1:
  version "1.0.2"
  resolved "https://registry.yarnpkg.com/wrappy/-/wrappy-1.0.2.tgz#b5243d8f3ec1aa35f1364605bc0d1036e30ab69f"
  integrity sha512-l4Sp/DRseor9wL6EvV2+TuQn63dMkPjZ/sp9XkghTEbV9KlPS1xUsZ3u7/IQO4wxtcFB4bgpQPRcR3QCvezPcQ==

xmlbuilder2@^4.0.3:
  version "4.0.3"
  resolved "https://registry.yarnpkg.com/xmlbuilder2/-/xmlbuilder2-4.0.3.tgz#91660fa6d30f19d716f8b1194c567686d4402c63"
  integrity sha512-bx8Q1STctnNaaDymWnkfQLKofs0mGNN7rLLapJlGuV3VlvegD7Ls4ggMjE3aUSWItCCzU0PEv45lI87iSigiCA==
  dependencies:
    "@oozcitak/dom" "^2.0.2"
    "@oozcitak/infra" "^2.0.2"
    "@oozcitak/util" "^10.0.0"
    js-yaml "^4.1.1"
