# THIS IS AN AUTOGENERATED FILE. DO NOT EDIT THIS FILE DIRECTLY.
# yarn lockfile v1


"@nodelib/fs.scandir@2.1.5":
  version "2.1.5"
  resolved "https://registry.yarnpkg.com/@nodelib/fs.scandir/-/fs.scandir-2.1.5.tgz#7619c2eb21b25483f6d167548b4cfd5a7488c3d5"
  integrity sha512-vq24Bq3ym5HEQm2NKCr3yXDwjc7vTsEThRDnkp2DK9p1uqLR+DHurm/NOTo0KG7HYHU7eppKZj3MyqYuMBf62g==
  dependencies:
    "@nodelib/fs.stat" "2.0.5"
    run-parallel "^1.1.9"

"@nodelib/fs.stat@2.0.5", "@nodelib/fs.stat@^2.0.2":
  version "2.0.5"
  resolved "https://registry.yarnpkg.com/@nodelib/fs.stat/-/fs.stat-2.0.5.tgz#5bd262af94e9d25bd1e71b05deed44876a222e8b"
  integrity sha512-RkhPPp2zrqDAQA/2jNhnztcPAlv64XdhIp7a7454A5ovI7Bukxgt7MX7udwAu3zg1DcpPU0rz3VV1SeaqvY4+A==

"@nodelib/fs.walk@^1.2.3":
  version "1.2.8"
  resolved "https://registry.yarnpkg.com/@nodelib/fs.walk/-/fs.walk-1.2.8.tgz#e95737e8bb6746ddedf69c556953494f196fe69a"
  integrity sha512-oGB+UxlgWcgQkgwo8GcEGwemoTFt3FIO9ababBmaGwXIoBKZ+GTy0pP185beGg7Llih/NSHSV2XAs1lnznocSg==
  dependencies:
    "@nodelib/fs.scandir" "2.1.5"
    fastq "^1.6.0"

"@oozcitak/dom@^2.0.2":
  version "2.0.2"
  resolved "https://registry.yarnpkg.com/@oozcitak/dom/-/dom-2.0.2.tgz#0f447f0b736aa6f36c5556ba811a44e56c71c26c"
  integrity sha512-GjpKhkSYC3Mj4+lfwEyI1dqnsKTgwGy48ytZEhm4A/xnH/8z9M3ZVXKr/YGQi3uCLs1AEBS+x5T2JPiueEDW8w==
  dependencies:
    "@oozcitak/infra" "^2.0.2"
    "@oozcitak/url" "^3.0.0"
    "@oozcitak/util" "^10.0.0"

"@oozcitak/infra@^2.0.2":
  version "2.0.2"
  resolved "https://registry.yarnpkg.com/@oozcitak/infra/-/infra-2.0.2.tgz#e2f1cc0eeca3ac5cd551f0326a5f66f00cf1138b"
  integrity sha512-2g+E7hoE2dgCz/APPOEK5s3rMhJvNxSMBrP+U+j1OWsIbtSpWxxlUjq1lU8RIsFJNYv7NMlnVsCuHcUzJW+8vA==
  dependencies:
    "@oozcitak/util" "^10.0.0"

"@oozcitak/url@^3.0.0":
  version "3.0.0"
  resolved "https://registry.yarnpkg.com/@oozcitak/url/-/url-3.0.0.tgz#a03c959c67e28aba9e29b2d35cd50d26cb5f2cc4"
  integrity sha512-ZKfET8Ak1wsLAiLWNfFkZc/BraDccuTJKR6svTYc7sVjbR+Iu0vtXdiDMY4o6jaFl5TW2TlS7jbLl4VovtAJWQ==
  dependencies:
    "@oozcitak/infra" "^2.0.2"
    "@oozcitak/util" "^10.0.0"

"@oozcitak/util@^10.0.0":
  version "10.0.0"
  resolved "https://registry.yarnpkg.com/@oozcitak/util/-/util-10.0.0.tgz#f6b40472d96c210094a556ee5ccb8e77f1bd30af"
  integrity sha512-hAX0pT/73190NLqBPPWSdBVGtbY6VOhWYK3qqHqtXQ1gK7kS2yz4+ivsN07hpJ6I3aeMtKP6J6npsEKOAzuTLA==

"@openstreetmap/id-tagging-schema@^6.17.0":
  version "6.17.0"
  resolved "https://registry.yarnpkg.com/@openstreetmap/id-tagging-schema/-/id-tagging-schema-6.17.0.tgz#9b1179b9d4be4540e2f5c0f7362cabae950f4ce2"
  integrity sha512-Md5d48XfsYfiBmhSoE+bzDBDXL68KIDtQvBYwup/XXtNsgVDdSYfv+Yi8hiqHHxnwWpjB8oMH5filS44l1ftnQ==

"@rapideditor/country-coder@^5.6.1":
  version "5.6.1"
  resolved "https://registry.yarnpkg.com/@rapideditor/country-coder/-/country-coder-5.6.1.tgz#f72b2903607526bcb7644c0693fb8b10d91208e1"
  integrity sha512-/3xCpRIyhGv0lKxk26qNJgBWU6UnvE6SmOvE2GWE1CKu6pxcUVukECg6XVJLfmesYWyKHmaj1ZXtNOpz3lJkWg==
  dependencies:
    which-polygon "^2.2.1"

"@sindresorhus/merge-streams@^4.0.0":
  version "4.0.0"
  resolved "https://registry.yarnpkg.com/@sindresorhus/merge-streams/-/merge-streams-4.0.0.tgz#abb11d99aeb6d27f1b563c38147a72d50058e339"
  integrity sha512-tlqY9xq5ukxTUZBmoOp+m61cqwQD5pHJtFY3Mn8CA8ps6yghLH/Hw8UPdqg4OLmFW3IFlcXnQNmo/dh8HzXYIQ==

"@types/node@^25.9.2":
  version "25.9.2"
  resolved "https://registry.yarnpkg.com/@types/node/-/node-25.9.2.tgz#fc8958e757994b71fee516f9634bdb03d1b19e9f"
  integrity sha512-G05zqtJhcDLb8uslf5EjCxXg9G1KQxiV8OS0R26IC//Eoyitzqe8z37I7cqvnZlrlSfgocQRfSn/AHBZJJFyGw==
  dependencies:
    undici-types ">=7.24.0 <7.24.7"

argparse@^2.0.1:
  version "2.0.1"
  resolved "https://registry.yarnpkg.com/argparse/-/argparse-2.0.1.tgz#246f50f3ca78a3240f6c997e8a9bd1eac49e4b38"
  integrity sha512-8+9WqebbFzpX9OR+Wa6O29asIogeRMzcGtAINdpMHHyAg10f05aSFVBbcEqGf/PXw1EjAZ+q2/bEBg3DvurK3Q==

braces@^3.0.3:
  version "3.0.3"
  resolved "https://registry.yarnpkg.com/braces/-/braces-3.0.3.tgz#490332f40919452272d55a8480adc0c441358789"
  integrity sha512-yQbXgO/OSZVD2IsiLlro+7Hf6Q18EJrKSEsdoMzKePKXct3gvD8oLcOQdIzGupr5Fj+EDe8gO/lxc1BzfMpxvA==
  dependencies:
    fill-range "^7.1.1"

fast-glob@^3.3.3:
  version "3.3.3"
  resolved "https://registry.yarnpkg.com/fast-glob/-/fast-glob-3.3.3.tgz#d06d585ce8dba90a16b0505c543c3ccfb3aeb818"
  integrity sha512-7MptL8U0cqcFdzIzwOTHoilX9x5BrNqye7Z/LuC7kCMRio1EMSyqRK3BEAUD7sXRq4iT4AzTVuZdhgQ2TCvYLg==
  dependencies:
    "@nodelib/fs.stat" "^2.0.2"
    "@nodelib/fs.walk" "^1.2.3"
    glob-parent "^5.1.2"
    merge2 "^1.3.0"
    micromatch "^4.0.8"

fastq@^1.6.0:
  version "1.20.1"
  resolved "https://registry.yarnpkg.com/fastq/-/fastq-1.20.1.tgz#ca750a10dc925bc8b18839fd203e3ef4b3ced675"
  integrity sha512-GGToxJ/w1x32s/D2EKND7kTil4n8OVk/9mycTc4VDza13lOvpUZTGX3mFSCtV9ksdGBVzvsyAVLM6mHFThxXxw==
  dependencies:
    reusify "^1.0.4"

fill-range@^7.1.1:
  version "7.1.1"
  resolved "https://registry.yarnpkg.com/fill-range/-/fill-range-7.1.1.tgz#44265d3cac07e3ea7dc247516380643754a05292"
  integrity sha512-YsGpe3WHLK8ZYi4tWDg2Jy3ebRz2rXowDxnld4bkQB00cc/1Zw9AWnC0i9ztDJitivtQvaI9KaLyKrc+hBW0yg==
  dependencies:
    to-regex-range "^5.0.1"

glob-parent@^5.1.2:
  version "5.1.2"
  resolved "https://registry.yarnpkg.com/glob-parent/-/glob-parent-5.1.2.tgz#869832c58034fe68a4093c17dc15e8340d8401c4"
  integrity sha512-AOIgSQCepiJYwP3ARnGx+5VnTu2HBYdzbGP45eLw1vr3zB3vZLeyed1sC9hnbcOc9/SrMyM5RPQrkGz4aS9Zow==
  dependencies:
    is-glob "^4.0.1"

globby@^16.2.0:
  version "16.2.0"
  resolved "https://registry.yarnpkg.com/globby/-/globby-16.2.0.tgz#6ab1351fbac1d9b9e47ed423814c2ad41af308ea"
  integrity sha512-QrJia2qDf5BB/V6HYlDTs0I0lBahyjLzpGQg3KT7FnCdTonAyPy2RtY802m2k4ALx6Dp752f82WsOczEVr3l6Q==
  dependencies:
    "@sindresorhus/merge-streams" "^4.0.0"
    fast-glob "^3.3.3"
    ignore "^7.0.5"
    is-path-inside "^4.0.0"
    slash "^5.1.0"
    unicorn-magic "^0.4.0"

ignore@^7.0.5:
  version "7.0.5"
  resolved "https://registry.yarnpkg.com/ignore/-/ignore-7.0.5.tgz#4cb5f6cd7d4c7ab0365738c7aea888baa6d7efd9"
  integrity sha512-Hs59xBNfUIunMFgWAbGX5cq6893IbWg4KnrjbYwX3tx0ztorVgTDA6B2sxf8ejHJ4wz8BqGUMYlnzNBer5NvGg==

is-extglob@^2.1.1:
  version "2.1.1"
  resolved "https://registry.yarnpkg.com/is-extglob/-/is-extglob-2.1.1.tgz#a88c02535791f02ed37c76a1b9ea9773c833f8c2"
  integrity sha512-SbKbANkN603Vi4jEZv49LeVJMn4yGwsbzZworEoyEiutsN3nJYdbO36zfhGJ6QEDpOZIFkDtnq5JRxmvl3jsoQ==

is-glob@^4.0.1:
  version "4.0.3"
  resolved "https://registry.yarnpkg.com/is-glob/-/is-glob-4.0.3.tgz#64f61e42cbbb2eec2071a9dac0b28ba1e65d5084"
  integrity sha512-xelSayHH36ZgE7ZWhli7pW34hNbNl8Ojv5KVmkJD4hBdD3th8Tfk9vYasLM+mXWOZhFkgZfxhLSnrwRr4elSSg==
  dependencies:
    is-extglob "^2.1.1"

is-number@^7.0.0:
  version "7.0.0"
  resolved "https://registry.yarnpkg.com/is-number/-/is-number-7.0.0.tgz#7535345b896734d5f80c4d06c50955527a14f12b"
  integrity sha512-41Cifkg6e8TylSpdtTpeLVMqvSBEVzTttHvERD741+pnZ8ANv0004MRL43QKPDlK9cGvNp6NZWZUBlbGXYxxng==

is-path-inside@^4.0.0:
  version "4.0.0"
  resolved "https://registry.yarnpkg.com/is-path-inside/-/is-path-inside-4.0.0.tgz#805aeb62c47c1b12fc3fd13bfb3ed1e7430071db"
  integrity sha512-lJJV/5dYS+RcL8uQdBDW9c9uWFLLBNRyFhnAKXw5tVqLlKZ4RMGZKv+YQ/IA3OhD+RpbJa1LLFM1FQPGyIXvOA==

js-yaml@^4.1.1:
  version "4.2.0"
  resolved "https://registry.yarnpkg.com/js-yaml/-/js-yaml-4.2.0.tgz#2bd9e85682dd91bd469afb809d816043b3d49524"
  integrity sha512-ePWsvanv0DWuDRsW8dnt+R4jQ31SCRCQ7hhNcPXZPsoBZiemuZNYGf7adZdqX2D86j6rvKp3RpCxVTSb8WQlOw==
  dependencies:
    argparse "^2.0.1"

lineclip@^1.1.5:
  version "1.1.5"
  resolved "https://registry.yarnpkg.com/lineclip/-/lineclip-1.1.5.tgz#2bf26067d94354feabf91e42768236db5616fd13"
  integrity sha512-KlA/wRSjpKl7tS9iRUdlG72oQ7qZ1IlVbVgHwoO10TBR/4gQ86uhKow6nlzMAJJhjCWKto8OeoAzzIzKSmN25A==

merge2@^1.3.0:
  version "1.4.1"
  resolved "https://registry.yarnpkg.com/merge2/-/merge2-1.4.1.tgz#4368892f885e907455a6fd7dc55c0c9d404990ae"
  integrity sha512-8q7VEgMJW4J8tcfVPy8g09NcQwZdbwFEqhe/WZkoIzjn/3TGDwtOCYtXGxA3O8tPzpczCCDgv+P2P5y00ZJOOg==

micromatch@^4.0.8:
  version "4.0.8"
  resolved "https://registry.yarnpkg.com/micromatch/-/micromatch-4.0.8.tgz#d66fa18f3a47076789320b9b1af32bd86d9fa202"
  integrity sha512-PXwfBhYu0hBCPw8Dn0E+WDYb7af3dSLVWKi3HGv84IdF4TyFoC0ysxFd0Goxw7nSv4T/PzEJQxsYsEiFCKo2BA==
  dependencies:
    braces "^3.0.3"
    picomatch "^2.3.1"

picomatch@^2.3.1:
  version "2.3.2"
  resolved "https://registry.yarnpkg.com/picomatch/-/picomatch-2.3.2.tgz#5a942915e26b372dc0f0e6753149a16e6b1c5601"
  integrity sha512-V7+vQEJ06Z+c5tSye8S+nHUfI51xoXIXjHQ99cQtKUkQqqO1kO/KCJUfZXuB47h/YBlDhah2H3hdUGXn8ie0oA==

queue-microtask@^1.2.2:
  version "1.2.3"
  resolved "https://registry.yarnpkg.com/queue-microtask/-/queue-microtask-1.2.3.tgz#4929228bbc724dfac43e0efb058caf7b6cfb6243"
  integrity sha512-NuaNSa6flKT5JaSYQzJok04JzTL1CA6aGhv5rfLW3PgqA+M2ChpZQnAC8h8i4ZFkBS8X5RqkDBHA7r4hej3K9A==

quickselect@^1.0.1:
  version "1.1.1"
  resolved "https://registry.yarnpkg.com/quickselect/-/quickselect-1.1.1.tgz#852e412ce418f237ad5b660d70cffac647ae94c2"
  integrity sha512-qN0Gqdw4c4KGPsBOQafj6yj/PA6c/L63f6CaZ/DCF/xF4Esu3jVmKLUDYxghFx8Kb/O7y9tI7x2RjTSXwdK1iQ==

rbush@^2.0.1:
  version "2.0.2"
  resolved "https://registry.yarnpkg.com/rbush/-/rbush-2.0.2.tgz#bb6005c2731b7ba1d5a9a035772927d16a614605"
  integrity sha512-XBOuALcTm+O/H8G90b6pzu6nX6v2zCKiFG4BJho8a+bY6AER6t8uQUZdi5bomQc0AprCWhEGa7ncAbbRap0bRA==
  dependencies:
    quickselect "^1.0.1"

reusify@^1.0.4:
  version "1.1.0"
  resolved "https://registry.yarnpkg.com/reusify/-/reusify-1.1.0.tgz#0fe13b9522e1473f51b558ee796e08f11f9b489f"
  integrity sha512-g6QUff04oZpHs0eG5p83rFLhHeV00ug/Yf9nZM6fLeUrPguBTkTQOdpAWWspMh55TZfVQDPaN3NQJfbVRAxdIw==

run-parallel@^1.1.9:
  version "1.2.0"
  resolved "https://registry.yarnpkg.com/run-parallel/-/run-parallel-1.2.0.tgz#66d1368da7bdf921eb9d95bd1a9229e7f21a43ee"
  integrity sha512-5l4VyZR86LZ/lDxZTR6jqL8AFE2S0IFLMP26AbjsLVADxHdhB/c0GUsH+y39UfCi3dzz8OlQuPmnaJOMoDHQBA==
  dependencies:
    queue-microtask "^1.2.2"

slash@^5.1.0:
  version "5.1.0"
  resolved "https://registry.yarnpkg.com/slash/-/slash-5.1.0.tgz#be3adddcdf09ac38eebe8dcdc7b1a57a75b095ce"
  integrity sha512-ZA6oR3T/pEyuqwMgAKT0/hAv8oAXckzbkmR0UkUosQ+Mc4RxGoJkRmwHgHufaenlyAgE1Mxgpdcrf75y6XcnDg==

to-regex-range@^5.0.1:
  version "5.0.1"
  resolved "https://registry.yarnpkg.com/to-regex-range/-/to-regex-range-5.0.1.tgz#1648c44aae7c8d988a326018ed72f5b4dd0392e4"
  integrity sha512-65P7iz6X5yEr1cwcgvQxbbIw7Uk3gOy5dIdtZ4rDveLqhrdJP+Li/Hx6tyK0NEb+2GCyneCMJiGqrADCSNk8sQ==
  dependencies:
    is-number "^7.0.0"

"undici-types@>=7.24.0 <7.24.7":
  version "7.24.6"
  resolved "https://registry.yarnpkg.com/undici-types/-/undici-types-7.24.6.tgz#61275b485d7fd4e9d269c7cf04ec2873c9cc0f91"
  integrity sha512-WRNW+sJgj5OBN4/0JpHFqtqzhpbnV0GuB+OozA9gCL7a993SmU+1JBZCzLNxYsbMfIeDL+lTsphD5jN5N+n0zg==

unicorn-magic@^0.4.0:
  version "0.4.0"
  resolved "https://registry.yarnpkg.com/unicorn-magic/-/unicorn-magic-0.4.0.tgz#78c6a090fd6d07abd2468b83b385603e00dfdb24"
  integrity sha512-wH590V9VNgYH9g3lH9wWjTrUoKsjLF6sGLjhR4sH1LWpLmCOH0Zf7PukhDA8BiS7KHe4oPNkcTHqYkj7SOGUOw==

which-polygon@^2.2.1:
  version "2.2.1"
  resolved "https://registry.yarnpkg.com/which-polygon/-/which-polygon-2.2.1.tgz#093d76c9628ee12bfae39448609accbdcc268c31"
  integrity sha512-RlpWbqz12OMT0r2lEHk7IUPXz0hb1L/ZZsGushB2P2qxuBu1aq1+bcTfsLtfoRBYHsED6ruBMiwFaidvXZfQVw==
  dependencies:
    lineclip "^1.1.5"
    rbush "^2.0.1"

xmlbuilder2@^4.0.3:
  version "4.0.3"
  resolved "https://registry.yarnpkg.com/xmlbuilder2/-/xmlbuilder2-4.0.3.tgz#91660fa6d30f19d716f8b1194c567686d4402c63"
  integrity sha512-bx8Q1STctnNaaDymWnkfQLKofs0mGNN7rLLapJlGuV3VlvegD7Ls4ggMjE3aUSWItCCzU0PEv45lI87iSigiCA==
  dependencies:
    "@oozcitak/dom" "^2.0.2"
    "@oozcitak/infra" "^2.0.2"
    "@oozcitak/util" "^10.0.0"
    js-yaml "^4.1.1"
